// !$*UTF8*$!
{
	archiveVersion = 1;
	classes = {
	};
	objectVersion = 46;
	objects = {

/* Begin PBXBuildFile section */
		221E2AC5148C23BD00F12B8E /* colorPicker.cpp in Sources */ = {isa = PBXBuildFile; fileRef = 221E2AC3148C23BD00F12B8E /* colorPicker.cpp */; };
		22EAAA98148BCB70005465CE /* ofxMidiIn.cpp in Sources */ = {isa = PBXBuildFile; fileRef = 22EAAA92148BCB70005465CE /* ofxMidiIn.cpp */; };
		22EAAA99148BCB70005465CE /* ofxMidiOut.cpp in Sources */ = {isa = PBXBuildFile; fileRef = 22EAAA94148BCB70005465CE /* ofxMidiOut.cpp */; };
		22EAAA9A148BCB70005465CE /* RtMidi.cpp in Sources */ = {isa = PBXBuildFile; fileRef = 22EAAA96148BCB70005465CE /* RtMidi.cpp */; };
		22EAAAA3148BCC1E005465CE /* ofxButton.cpp in Sources */ = {isa = PBXBuildFile; fileRef = 22EAAA9B148BCC1E005465CE /* ofxButton.cpp */; };
		22EAAAA6148BCC1E005465CE /* ofxSlider.cpp in Sources */ = {isa = PBXBuildFile; fileRef = 22EAAAA1148BCC1E005465CE /* ofxSlider.cpp */; };
		22EAAAB5148BCC7A005465CE /* bitmapMixer.cpp in Sources */ = {isa = PBXBuildFile; fileRef = 22EAAAAB148BCC7A005465CE /* bitmapMixer.cpp */; };
		22EAAAB6148BCC7A005465CE /* fft.cpp in Sources */ = {isa = PBXBuildFile; fileRef = 22EAAAAD148BCC7A005465CE /* fft.cpp */; };
		22EAAAB7148BCC7A005465CE /* LED.cpp in Sources */ = {isa = PBXBuildFile; fileRef = 22EAAAAF148BCC7A005465CE /* LED.cpp */; };
		22EAAAB8148BCC7A005465CE /* LEDS.cpp in Sources */ = {isa = PBXBuildFile; fileRef = 22EAAAB1148BCC7A005465CE /* LEDS.cpp */; };
		22EAAAB9148BCC7A005465CE /* ledSequencer.cpp in Sources */ = {isa = PBXBuildFile; fileRef = 22EAAAB3148BCC7A005465CE /* ledSequencer.cpp */; };
		AE05CBF015075A2B00E20663 /* ofxLaunchpad.cpp in Sources */ = {isa = PBXBuildFile; fileRef = AE05CBE915075A2B00E20663 /* ofxLaunchpad.cpp */; };
		AE05CBF115075A2B00E20663 /* ofxLaunchpadColor.cpp in Sources */ = {isa = PBXBuildFile; fileRef = AE05CBEB15075A2B00E20663 /* ofxLaunchpadColor.cpp */; };
		AE05CBF215075A2B00E20663 /* ofxLaunchpadToggle.cpp in Sources */ = {isa = PBXBuildFile; fileRef = AE05CBEE15075A2B00E20663 /* ofxLaunchpadToggle.cpp */; };
		AE05CBF415076C1600E20663 /* ledPresets.cpp in Sources */ = {isa = PBXBuildFile; fileRef = AE05CBF315076C1600E20663 /* ledPresets.cpp */; };
		AE18FFC014BEF61A00DA2D47 /* bpmControl.cpp in Sources */ = {isa = PBXBuildFile; fileRef = AE18FFBF14BEF61900DA2D47 /* bpmControl.cpp */; };
		AE34F88314AB50560091A81C /* CoreMIDI.framework in Frameworks */ = {isa = PBXBuildFile; fileRef = AE34F88214AB50560091A81C /* CoreMIDI.framework */; };
		AE3DED3B1534B472003B9D59 /* tcpControl.cpp in Sources */ = {isa = PBXBuildFile; fileRef = AE3DED3A1534B472003B9D59 /* tcpControl.cpp */; };
		AE5E41C4152881FC00CDC490 /* Generator.cpp in Sources */ = {isa = PBXBuildFile; fileRef = AE5E41C3152881FC00CDC490 /* Generator.cpp */; };
		AEC1A4161535C85A00AF3FE8 /* tinyxml.cpp in Sources */ = {isa = PBXBuildFile; fileRef = AEC1A40F1535C85A00AF3FE8 /* tinyxml.cpp */; };
		AEC1A4171535C85A00AF3FE8 /* tinyxmlerror.cpp in Sources */ = {isa = PBXBuildFile; fileRef = AEC1A4111535C85A00AF3FE8 /* tinyxmlerror.cpp */; };
		AEC1A4181535C85A00AF3FE8 /* tinyxmlparser.cpp in Sources */ = {isa = PBXBuildFile; fileRef = AEC1A4121535C85A00AF3FE8 /* tinyxmlparser.cpp */; };
		AEC1A4191535C85A00AF3FE8 /* ofxXmlSettings.cpp in Sources */ = {isa = PBXBuildFile; fileRef = AEC1A4141535C85A00AF3FE8 /* ofxXmlSettings.cpp */; };
		AEC53D171534C5320002B208 /* ofxTCPClient.cpp in Sources */ = {isa = PBXBuildFile; fileRef = AEC53D0F1534C5320002B208 /* ofxTCPClient.cpp */; };
		AEC53D181534C5320002B208 /* ofxTCPManager.cpp in Sources */ = {isa = PBXBuildFile; fileRef = AEC53D111534C5320002B208 /* ofxTCPManager.cpp */; };
		AEC53D191534C5320002B208 /* ofxTCPServer.cpp in Sources */ = {isa = PBXBuildFile; fileRef = AEC53D131534C5320002B208 /* ofxTCPServer.cpp */; };
		AEC53D1A1534C5320002B208 /* ofxUDPManager.cpp in Sources */ = {isa = PBXBuildFile; fileRef = AEC53D151534C5320002B208 /* ofxUDPManager.cpp */; };
		AED5C47614B5EE50001A3B7B /* LiveAudioAnalysis.cpp in Sources */ = {isa = PBXBuildFile; fileRef = AED5C47314B5EE50001A3B7B /* LiveAudioAnalysis.cpp */; };
		AED5C47714B5EE50001A3B7B /* AubioOnsetDetector.cpp in Sources */ = {isa = PBXBuildFile; fileRef = AED5C47514B5EE50001A3B7B /* AubioOnsetDetector.cpp */; };
		AED5C48414B5EE58001A3B7B /* BTrack_mod.cpp in Sources */ = {isa = PBXBuildFile; fileRef = AED5C47914B5EE58001A3B7B /* BTrack_mod.cpp */; };
		AED5C48514B5EE58001A3B7B /* ChordDetect.cpp in Sources */ = {isa = PBXBuildFile; fileRef = AED5C47C14B5EE58001A3B7B /* ChordDetect.cpp */; };
		AED5C48614B5EE58001A3B7B /* Chromagram.cpp in Sources */ = {isa = PBXBuildFile; fileRef = AED5C47E14B5EE58001A3B7B /* Chromagram.cpp */; };
		AED5C48714B5EE58001A3B7B /* OnsetDetectionFunction.cpp in Sources */ = {isa = PBXBuildFile; fileRef = AED5C48114B5EE58001A3B7B /* OnsetDetectionFunction.cpp */; };
		AED5C49014B5FAE6001A3B7B /* ofxSoundStream.cpp in Sources */ = {isa = PBXBuildFile; fileRef = AED5C48A14B5FAE6001A3B7B /* ofxSoundStream.cpp */; };
		AED5C49114B5FAE6001A3B7B /* ofxPortaudioSoundStream.cpp in Sources */ = {isa = PBXBuildFile; fileRef = AED5C48E14B5FAE6001A3B7B /* ofxPortaudioSoundStream.cpp */; };
		AED5C49414B601E4001A3B7B /* AudioUnit.framework in Frameworks */ = {isa = PBXBuildFile; fileRef = AED5C49314B601E4001A3B7B /* AudioUnit.framework */; };
		AEF9F20815404FD200D63DC0 /* FX.cpp in Sources */ = {isa = PBXBuildFile; fileRef = AEF9F20715404FD200D63DC0 /* FX.cpp */; };
		BBAB23CB13894F3D00AA2426 /* GLUT.framework in CopyFiles */ = {isa = PBXBuildFile; fileRef = BBAB23BE13894E4700AA2426 /* GLUT.framework */; };
		E4328149138ABC9F0047C5CB /* openFrameworksDebug.a in Frameworks */ = {isa = PBXBuildFile; fileRef = E4328148138ABC890047C5CB /* openFrameworksDebug.a */; };
		E45BE97B0E8CC7DD009D7055 /* AGL.framework in Frameworks */ = {isa = PBXBuildFile; fileRef = E45BE9710E8CC7DD009D7055 /* AGL.framework */; };
		E45BE97C0E8CC7DD009D7055 /* ApplicationServices.framework in Frameworks */ = {isa = PBXBuildFile; fileRef = E45BE9720E8CC7DD009D7055 /* ApplicationServices.framework */; };
		E45BE97D0E8CC7DD009D7055 /* AudioToolbox.framework in Frameworks */ = {isa = PBXBuildFile; fileRef = E45BE9730E8CC7DD009D7055 /* AudioToolbox.framework */; };
		E45BE97E0E8CC7DD009D7055 /* Carbon.framework in Frameworks */ = {isa = PBXBuildFile; fileRef = E45BE9740E8CC7DD009D7055 /* Carbon.framework */; };
		E45BE97F0E8CC7DD009D7055 /* CoreAudio.framework in Frameworks */ = {isa = PBXBuildFile; fileRef = E45BE9750E8CC7DD009D7055 /* CoreAudio.framework */; };
		E45BE9800E8CC7DD009D7055 /* CoreFoundation.framework in Frameworks */ = {isa = PBXBuildFile; fileRef = E45BE9760E8CC7DD009D7055 /* CoreFoundation.framework */; };
		E45BE9810E8CC7DD009D7055 /* CoreServices.framework in Frameworks */ = {isa = PBXBuildFile; fileRef = E45BE9770E8CC7DD009D7055 /* CoreServices.framework */; };
		E45BE9830E8CC7DD009D7055 /* OpenGL.framework in Frameworks */ = {isa = PBXBuildFile; fileRef = E45BE9790E8CC7DD009D7055 /* OpenGL.framework */; };
		E45BE9840E8CC7DD009D7055 /* QuickTime.framework in Frameworks */ = {isa = PBXBuildFile; fileRef = E45BE97A0E8CC7DD009D7055 /* QuickTime.framework */; };
		E4B69E200A3A1BDC003C02F2 /* main.cpp in Sources */ = {isa = PBXBuildFile; fileRef = E4B69E1D0A3A1BDC003C02F2 /* main.cpp */; };
		E4B69E210A3A1BDC003C02F2 /* testApp.cpp in Sources */ = {isa = PBXBuildFile; fileRef = E4B69E1E0A3A1BDC003C02F2 /* testApp.cpp */; };
		E4C2424710CC5A17004149E2 /* AppKit.framework in Frameworks */ = {isa = PBXBuildFile; fileRef = E4C2424410CC5A17004149E2 /* AppKit.framework */; };
		E4C2424810CC5A17004149E2 /* Cocoa.framework in Frameworks */ = {isa = PBXBuildFile; fileRef = E4C2424510CC5A17004149E2 /* Cocoa.framework */; };
		E4C2424910CC5A17004149E2 /* IOKit.framework in Frameworks */ = {isa = PBXBuildFile; fileRef = E4C2424610CC5A17004149E2 /* IOKit.framework */; };
		E4EB6799138ADC1D00A09F29 /* GLUT.framework in Frameworks */ = {isa = PBXBuildFile; fileRef = BBAB23BE13894E4700AA2426 /* GLUT.framework */; };
/* End PBXBuildFile section */

/* Begin PBXContainerItemProxy section */
		E4328147138ABC890047C5CB /* PBXContainerItemProxy */ = {
			isa = PBXContainerItemProxy;
			containerPortal = E4328143138ABC890047C5CB /* openFrameworksLib.xcodeproj */;
			proxyType = 2;
			remoteGlobalIDString = E4B27C1510CBEB8E00536013;
			remoteInfo = openFrameworks;
		};
		E4EEB9AB138B136A00A80321 /* PBXContainerItemProxy */ = {
			isa = PBXContainerItemProxy;
			containerPortal = E4328143138ABC890047C5CB /* openFrameworksLib.xcodeproj */;
			proxyType = 1;
			remoteGlobalIDString = E4B27C1410CBEB8E00536013;
			remoteInfo = openFrameworks;
		};
/* End PBXContainerItemProxy section */

/* Begin PBXCopyFilesBuildPhase section */
		E4C2427710CC5ABF004149E2 /* CopyFiles */ = {
			isa = PBXCopyFilesBuildPhase;
			buildActionMask = 2147483647;
			dstPath = "";
			dstSubfolderSpec = 10;
			files = (
				BBAB23CB13894F3D00AA2426 /* GLUT.framework in CopyFiles */,
			);
			runOnlyForDeploymentPostprocessing = 0;
		};
/* End PBXCopyFilesBuildPhase section */

/* Begin PBXFileReference section */
		221E2AC3148C23BD00F12B8E /* colorPicker.cpp */ = {isa = PBXFileReference; fileEncoding = 4; lastKnownFileType = sourcecode.cpp.cpp; path = colorPicker.cpp; sourceTree = "<group>"; };
		221E2AC4148C23BD00F12B8E /* colorPicker.h */ = {isa = PBXFileReference; fileEncoding = 4; lastKnownFileType = sourcecode.c.h; path = colorPicker.h; sourceTree = "<group>"; };
		22EAAA8F148BCB70005465CE /* ofxMidi.h */ = {isa = PBXFileReference; fileEncoding = 4; lastKnownFileType = sourcecode.c.h; path = ofxMidi.h; sourceTree = "<group>"; };
		22EAAA90148BCB70005465CE /* ofxMidiConstants.h */ = {isa = PBXFileReference; fileEncoding = 4; lastKnownFileType = sourcecode.c.h; path = ofxMidiConstants.h; sourceTree = "<group>"; };
		22EAAA91148BCB70005465CE /* ofxMidiEvents.h */ = {isa = PBXFileReference; fileEncoding = 4; lastKnownFileType = sourcecode.c.h; path = ofxMidiEvents.h; sourceTree = "<group>"; };
		22EAAA92148BCB70005465CE /* ofxMidiIn.cpp */ = {isa = PBXFileReference; fileEncoding = 4; lastKnownFileType = sourcecode.cpp.cpp; path = ofxMidiIn.cpp; sourceTree = "<group>"; };
		22EAAA93148BCB70005465CE /* ofxMidiIn.h */ = {isa = PBXFileReference; fileEncoding = 4; lastKnownFileType = sourcecode.c.h; path = ofxMidiIn.h; sourceTree = "<group>"; };
		22EAAA94148BCB70005465CE /* ofxMidiOut.cpp */ = {isa = PBXFileReference; fileEncoding = 4; lastKnownFileType = sourcecode.cpp.cpp; path = ofxMidiOut.cpp; sourceTree = "<group>"; };
		22EAAA95148BCB70005465CE /* ofxMidiOut.h */ = {isa = PBXFileReference; fileEncoding = 4; lastKnownFileType = sourcecode.c.h; path = ofxMidiOut.h; sourceTree = "<group>"; };
		22EAAA96148BCB70005465CE /* RtMidi.cpp */ = {isa = PBXFileReference; fileEncoding = 4; lastKnownFileType = sourcecode.cpp.cpp; path = RtMidi.cpp; sourceTree = "<group>"; };
		22EAAA97148BCB70005465CE /* RtMidi.h */ = {isa = PBXFileReference; fileEncoding = 4; lastKnownFileType = sourcecode.c.h; path = RtMidi.h; sourceTree = "<group>"; };
		22EAAA9B148BCC1E005465CE /* ofxButton.cpp */ = {isa = PBXFileReference; fileEncoding = 4; lastKnownFileType = sourcecode.cpp.cpp; path = ofxButton.cpp; sourceTree = "<group>"; };
		22EAAA9C148BCC1E005465CE /* ofxButton.h */ = {isa = PBXFileReference; fileEncoding = 4; lastKnownFileType = sourcecode.c.h; path = ofxButton.h; sourceTree = "<group>"; };
		22EAAAA1148BCC1E005465CE /* ofxSlider.cpp */ = {isa = PBXFileReference; fileEncoding = 4; lastKnownFileType = sourcecode.cpp.cpp; path = ofxSlider.cpp; sourceTree = "<group>"; };
		22EAAAA2148BCC1E005465CE /* ofxSlider.h */ = {isa = PBXFileReference; fileEncoding = 4; lastKnownFileType = sourcecode.c.h; path = ofxSlider.h; sourceTree = "<group>"; };
		22EAAAA7148BCC30005465CE /* RtError.h */ = {isa = PBXFileReference; fileEncoding = 4; lastKnownFileType = sourcecode.c.h; path = RtError.h; sourceTree = "<group>"; };
		22EAAAAB148BCC7A005465CE /* bitmapMixer.cpp */ = {isa = PBXFileReference; fileEncoding = 4; lastKnownFileType = sourcecode.cpp.cpp; path = bitmapMixer.cpp; sourceTree = "<group>"; };
		22EAAAAC148BCC7A005465CE /* bitmapMixer.h */ = {isa = PBXFileReference; fileEncoding = 4; lastKnownFileType = sourcecode.c.h; path = bitmapMixer.h; sourceTree = "<group>"; };
		22EAAAAD148BCC7A005465CE /* fft.cpp */ = {isa = PBXFileReference; fileEncoding = 4; lastKnownFileType = sourcecode.cpp.cpp; path = fft.cpp; sourceTree = "<group>"; };
		22EAAAAE148BCC7A005465CE /* fft.h */ = {isa = PBXFileReference; fileEncoding = 4; lastKnownFileType = sourcecode.c.h; path = fft.h; sourceTree = "<group>"; };
		22EAAAAF148BCC7A005465CE /* LED.cpp */ = {isa = PBXFileReference; fileEncoding = 4; lastKnownFileType = sourcecode.cpp.cpp; path = LED.cpp; sourceTree = "<group>"; };
		22EAAAB0148BCC7A005465CE /* LED.h */ = {isa = PBXFileReference; fileEncoding = 4; lastKnownFileType = sourcecode.c.h; path = LED.h; sourceTree = "<group>"; };
		22EAAAB1148BCC7A005465CE /* LEDS.cpp */ = {isa = PBXFileReference; fileEncoding = 4; lastKnownFileType = sourcecode.cpp.cpp; path = LEDS.cpp; sourceTree = "<group>"; };
		22EAAAB2148BCC7A005465CE /* LEDS.h */ = {isa = PBXFileReference; fileEncoding = 4; lastKnownFileType = sourcecode.c.h; path = LEDS.h; sourceTree = "<group>"; };
		22EAAAB3148BCC7A005465CE /* ledSequencer.cpp */ = {isa = PBXFileReference; fileEncoding = 4; lastKnownFileType = sourcecode.cpp.cpp; path = ledSequencer.cpp; sourceTree = "<group>"; };
		22EAAAB4148BCC7A005465CE /* ledSequencer.h */ = {isa = PBXFileReference; fileEncoding = 4; lastKnownFileType = sourcecode.c.h; path = ledSequencer.h; sourceTree = "<group>"; };
		AE05CBE915075A2B00E20663 /* ofxLaunchpad.cpp */ = {isa = PBXFileReference; fileEncoding = 4; lastKnownFileType = sourcecode.cpp.cpp; path = ofxLaunchpad.cpp; sourceTree = "<group>"; };
		AE05CBEA15075A2B00E20663 /* ofxLaunchpad.h */ = {isa = PBXFileReference; fileEncoding = 4; lastKnownFileType = sourcecode.c.h; path = ofxLaunchpad.h; sourceTree = "<group>"; };
		AE05CBEB15075A2B00E20663 /* ofxLaunchpadColor.cpp */ = {isa = PBXFileReference; fileEncoding = 4; lastKnownFileType = sourcecode.cpp.cpp; path = ofxLaunchpadColor.cpp; sourceTree = "<group>"; };
		AE05CBEC15075A2B00E20663 /* ofxLaunchpadColor.h */ = {isa = PBXFileReference; fileEncoding = 4; lastKnownFileType = sourcecode.c.h; path = ofxLaunchpadColor.h; sourceTree = "<group>"; };
		AE05CBED15075A2B00E20663 /* ofxLaunchpadListener.h */ = {isa = PBXFileReference; fileEncoding = 4; lastKnownFileType = sourcecode.c.h; path = ofxLaunchpadListener.h; sourceTree = "<group>"; };
		AE05CBEE15075A2B00E20663 /* ofxLaunchpadToggle.cpp */ = {isa = PBXFileReference; fileEncoding = 4; lastKnownFileType = sourcecode.cpp.cpp; path = ofxLaunchpadToggle.cpp; sourceTree = "<group>"; };
		AE05CBEF15075A2B00E20663 /* ofxLaunchpadToggle.h */ = {isa = PBXFileReference; fileEncoding = 4; lastKnownFileType = sourcecode.c.h; path = ofxLaunchpadToggle.h; sourceTree = "<group>"; };
		AE05CBF315076C1600E20663 /* ledPresets.cpp */ = {isa = PBXFileReference; fileEncoding = 4; lastKnownFileType = sourcecode.cpp.cpp; path = ledPresets.cpp; sourceTree = "<group>"; };
		AE05CBF515076C2C00E20663 /* ledPresets.h */ = {isa = PBXFileReference; fileEncoding = 4; lastKnownFileType = sourcecode.c.h; path = ledPresets.h; sourceTree = "<group>"; };
		AE18FFBE14BEEFF900DA2D47 /* bpmControl.h */ = {isa = PBXFileReference; fileEncoding = 4; lastKnownFileType = sourcecode.c.h; path = bpmControl.h; sourceTree = "<group>"; };
		AE18FFBF14BEF61900DA2D47 /* bpmControl.cpp */ = {isa = PBXFileReference; fileEncoding = 4; lastKnownFileType = sourcecode.cpp.cpp; path = bpmControl.cpp; sourceTree = "<group>"; };
		AE34F88214AB50560091A81C /* CoreMIDI.framework */ = {isa = PBXFileReference; lastKnownFileType = wrapper.framework; name = CoreMIDI.framework; path = /System/Library/Frameworks/CoreMIDI.framework; sourceTree = "<absolute>"; };
		AE3DED3A1534B472003B9D59 /* tcpControl.cpp */ = {isa = PBXFileReference; fileEncoding = 4; lastKnownFileType = sourcecode.cpp.cpp; path = tcpControl.cpp; sourceTree = "<group>"; };
		AE3DED3C1534B47E003B9D59 /* tcpControl.h */ = {isa = PBXFileReference; fileEncoding = 4; lastKnownFileType = sourcecode.c.h; path = tcpControl.h; sourceTree = "<group>"; };
		AE5E41C3152881FC00CDC490 /* Generator.cpp */ = {isa = PBXFileReference; fileEncoding = 4; lastKnownFileType = sourcecode.cpp.cpp; path = Generator.cpp; sourceTree = "<group>"; };
		AE5E41C51528824B00CDC490 /* Generator.h */ = {isa = PBXFileReference; fileEncoding = 4; lastKnownFileType = sourcecode.c.h; path = Generator.h; sourceTree = "<group>"; };
		AEC1A40D1535C85A00AF3FE8 /* install.xml */ = {isa = PBXFileReference; fileEncoding = 4; lastKnownFileType = text.xml; path = install.xml; sourceTree = "<group>"; };
		AEC1A40F1535C85A00AF3FE8 /* tinyxml.cpp */ = {isa = PBXFileReference; fileEncoding = 4; lastKnownFileType = sourcecode.cpp.cpp; path = tinyxml.cpp; sourceTree = "<group>"; };
		AEC1A4101535C85A00AF3FE8 /* tinyxml.h */ = {isa = PBXFileReference; fileEncoding = 4; lastKnownFileType = sourcecode.c.h; path = tinyxml.h; sourceTree = "<group>"; };
		AEC1A4111535C85A00AF3FE8 /* tinyxmlerror.cpp */ = {isa = PBXFileReference; fileEncoding = 4; lastKnownFileType = sourcecode.cpp.cpp; path = tinyxmlerror.cpp; sourceTree = "<group>"; };
		AEC1A4121535C85A00AF3FE8 /* tinyxmlparser.cpp */ = {isa = PBXFileReference; fileEncoding = 4; lastKnownFileType = sourcecode.cpp.cpp; path = tinyxmlparser.cpp; sourceTree = "<group>"; };
		AEC1A4141535C85A00AF3FE8 /* ofxXmlSettings.cpp */ = {isa = PBXFileReference; fileEncoding = 4; lastKnownFileType = sourcecode.cpp.cpp; path = ofxXmlSettings.cpp; sourceTree = "<group>"; };
		AEC1A4151535C85A00AF3FE8 /* ofxXmlSettings.h */ = {isa = PBXFileReference; fileEncoding = 4; lastKnownFileType = sourcecode.c.h; path = ofxXmlSettings.h; sourceTree = "<group>"; };
		AEC53D0A1534C5320002B208 /* Instructions.txt */ = {isa = PBXFileReference; fileEncoding = 4; lastKnownFileType = text; path = Instructions.txt; sourceTree = "<group>"; };
		AEC53D0B1534C5320002B208 /* install.xml */ = {isa = PBXFileReference; fileEncoding = 4; lastKnownFileType = text.xml; path = install.xml; sourceTree = "<group>"; };
		AEC53D0D1534C5320002B208 /* ofxNetwork.h */ = {isa = PBXFileReference; fileEncoding = 4; lastKnownFileType = sourcecode.c.h; path = ofxNetwork.h; sourceTree = "<group>"; };
		AEC53D0E1534C5320002B208 /* ofxNetworkUtils.h */ = {isa = PBXFileReference; fileEncoding = 4; lastKnownFileType = sourcecode.c.h; path = ofxNetworkUtils.h; sourceTree = "<group>"; };
		AEC53D0F1534C5320002B208 /* ofxTCPClient.cpp */ = {isa = PBXFileReference; fileEncoding = 4; lastKnownFileType = sourcecode.cpp.cpp; path = ofxTCPClient.cpp; sourceTree = "<group>"; };
		AEC53D101534C5320002B208 /* ofxTCPClient.h */ = {isa = PBXFileReference; fileEncoding = 4; lastKnownFileType = sourcecode.c.h; path = ofxTCPClient.h; sourceTree = "<group>"; };
		AEC53D111534C5320002B208 /* ofxTCPManager.cpp */ = {isa = PBXFileReference; fileEncoding = 4; lastKnownFileType = sourcecode.cpp.cpp; path = ofxTCPManager.cpp; sourceTree = "<group>"; };
		AEC53D121534C5320002B208 /* ofxTCPManager.h */ = {isa = PBXFileReference; fileEncoding = 4; lastKnownFileType = sourcecode.c.h; path = ofxTCPManager.h; sourceTree = "<group>"; };
		AEC53D131534C5320002B208 /* ofxTCPServer.cpp */ = {isa = PBXFileReference; fileEncoding = 4; lastKnownFileType = sourcecode.cpp.cpp; path = ofxTCPServer.cpp; sourceTree = "<group>"; };
		AEC53D141534C5320002B208 /* ofxTCPServer.h */ = {isa = PBXFileReference; fileEncoding = 4; lastKnownFileType = sourcecode.c.h; path = ofxTCPServer.h; sourceTree = "<group>"; };
		AEC53D151534C5320002B208 /* ofxUDPManager.cpp */ = {isa = PBXFileReference; fileEncoding = 4; lastKnownFileType = sourcecode.cpp.cpp; path = ofxUDPManager.cpp; sourceTree = "<group>"; };
		AEC53D161534C5320002B208 /* ofxUDPManager.h */ = {isa = PBXFileReference; fileEncoding = 4; lastKnownFileType = sourcecode.c.h; path = ofxUDPManager.h; sourceTree = "<group>"; };
		AED5C47214B5EE50001A3B7B /* LiveAudioAnalysis.h */ = {isa = PBXFileReference; fileEncoding = 4; lastKnownFileType = sourcecode.c.h; path = LiveAudioAnalysis.h; sourceTree = "<group>"; };
		AED5C47314B5EE50001A3B7B /* LiveAudioAnalysis.cpp */ = {isa = PBXFileReference; fileEncoding = 4; lastKnownFileType = sourcecode.cpp.cpp; path = LiveAudioAnalysis.cpp; sourceTree = "<group>"; };
		AED5C47414B5EE50001A3B7B /* AubioOnsetDetector.h */ = {isa = PBXFileReference; fileEncoding = 4; lastKnownFileType = sourcecode.c.h; path = AubioOnsetDetector.h; sourceTree = "<group>"; };
		AED5C47514B5EE50001A3B7B /* AubioOnsetDetector.cpp */ = {isa = PBXFileReference; fileEncoding = 4; lastKnownFileType = sourcecode.cpp.cpp; path = AubioOnsetDetector.cpp; sourceTree = "<group>"; };
		AED5C47914B5EE58001A3B7B /* BTrack_mod.cpp */ = {isa = PBXFileReference; fileEncoding = 4; lastKnownFileType = sourcecode.cpp.cpp; path = BTrack_mod.cpp; sourceTree = "<group>"; };
		AED5C47A14B5EE58001A3B7B /* BTrack_mod.h */ = {isa = PBXFileReference; fileEncoding = 4; lastKnownFileType = sourcecode.c.h; path = BTrack_mod.h; sourceTree = "<group>"; };
		AED5C47C14B5EE58001A3B7B /* ChordDetect.cpp */ = {isa = PBXFileReference; fileEncoding = 4; lastKnownFileType = sourcecode.cpp.cpp; path = ChordDetect.cpp; sourceTree = "<group>"; };
		AED5C47D14B5EE58001A3B7B /* ChordDetect.h */ = {isa = PBXFileReference; fileEncoding = 4; lastKnownFileType = sourcecode.c.h; path = ChordDetect.h; sourceTree = "<group>"; };
		AED5C47E14B5EE58001A3B7B /* Chromagram.cpp */ = {isa = PBXFileReference; fileEncoding = 4; lastKnownFileType = sourcecode.cpp.cpp; path = Chromagram.cpp; sourceTree = "<group>"; };
		AED5C47F14B5EE58001A3B7B /* Chromagram.h */ = {isa = PBXFileReference; fileEncoding = 4; lastKnownFileType = sourcecode.c.h; path = Chromagram.h; sourceTree = "<group>"; };
		AED5C48014B5EE58001A3B7B /* fftw3.h */ = {isa = PBXFileReference; fileEncoding = 4; lastKnownFileType = sourcecode.c.h; path = fftw3.h; sourceTree = "<group>"; };
		AED5C48114B5EE58001A3B7B /* OnsetDetectionFunction.cpp */ = {isa = PBXFileReference; fileEncoding = 4; lastKnownFileType = sourcecode.cpp.cpp; path = OnsetDetectionFunction.cpp; sourceTree = "<group>"; };
		AED5C48214B5EE58001A3B7B /* OnsetDetectionFunction.h */ = {isa = PBXFileReference; fileEncoding = 4; lastKnownFileType = sourcecode.c.h; path = OnsetDetectionFunction.h; sourceTree = "<group>"; };
		AED5C48314B5EE58001A3B7B /* samplerate.h */ = {isa = PBXFileReference; fileEncoding = 4; lastKnownFileType = sourcecode.c.h; path = samplerate.h; sourceTree = "<group>"; };
		AED5C48914B5FAE6001A3B7B /* ofxAudioEvent.h */ = {isa = PBXFileReference; fileEncoding = 4; lastKnownFileType = sourcecode.c.h; path = ofxAudioEvent.h; sourceTree = "<group>"; };
		AED5C48A14B5FAE6001A3B7B /* ofxSoundStream.cpp */ = {isa = PBXFileReference; fileEncoding = 4; lastKnownFileType = sourcecode.cpp.cpp; path = ofxSoundStream.cpp; sourceTree = "<group>"; };
		AED5C48B14B5FAE6001A3B7B /* ofxSoundStream.h */ = {isa = PBXFileReference; fileEncoding = 4; lastKnownFileType = sourcecode.c.h; path = ofxSoundStream.h; sourceTree = "<group>"; };
		AED5C48C14B5FAE6001A3B7B /* README */ = {isa = PBXFileReference; fileEncoding = 4; lastKnownFileType = text; path = README; sourceTree = "<group>"; };
		AED5C48E14B5FAE6001A3B7B /* ofxPortaudioSoundStream.cpp */ = {isa = PBXFileReference; fileEncoding = 4; lastKnownFileType = sourcecode.cpp.cpp; path = ofxPortaudioSoundStream.cpp; sourceTree = "<group>"; };
		AED5C48F14B5FAE6001A3B7B /* ofxPortaudioSoundStream.h */ = {isa = PBXFileReference; fileEncoding = 4; lastKnownFileType = sourcecode.c.h; path = ofxPortaudioSoundStream.h; sourceTree = "<group>"; };
		AED5C49314B601E4001A3B7B /* AudioUnit.framework */ = {isa = PBXFileReference; lastKnownFileType = wrapper.framework; name = AudioUnit.framework; path = /System/Library/Frameworks/AudioUnit.framework; sourceTree = "<absolute>"; };
		AEEB532815516B22006D4C76 /* ofxUIWidgetWithLabel.h */ = {isa = PBXFileReference; fileEncoding = 4; lastKnownFileType = sourcecode.c.h; path = ofxUIWidgetWithLabel.h; sourceTree = "<group>"; };
		AEEB532915516B22006D4C76 /* ofxUIRotarySlider.h */ = {isa = PBXFileReference; fileEncoding = 4; lastKnownFileType = sourcecode.c.h; path = ofxUIRotarySlider.h; sourceTree = "<group>"; };
		AEEB532B15516B67006D4C76 /* ofxUIWidget.h */ = {isa = PBXFileReference; fileEncoding = 4; lastKnownFileType = sourcecode.c.h; path = ofxUIWidget.h; sourceTree = "<group>"; };
		AEEB532C15516B67006D4C76 /* ofxUILabel.h */ = {isa = PBXFileReference; fileEncoding = 4; lastKnownFileType = sourcecode.c.h; path = ofxUILabel.h; sourceTree = "<group>"; };
		AEF9F20615404FB100D63DC0 /* FX.h */ = {isa = PBXFileReference; fileEncoding = 4; lastKnownFileType = sourcecode.c.h; path = FX.h; sourceTree = "<group>"; };
		AEF9F20715404FD200D63DC0 /* FX.cpp */ = {isa = PBXFileReference; fileEncoding = 4; lastKnownFileType = sourcecode.cpp.cpp; path = FX.cpp; sourceTree = "<group>"; };
		BBAB23BE13894E4700AA2426 /* GLUT.framework */ = {isa = PBXFileReference; lastKnownFileType = wrapper.framework; name = GLUT.framework; path = ../../../libs/glut/lib/osx/GLUT.framework; sourceTree = "<group>"; };
		E4328143138ABC890047C5CB /* openFrameworksLib.xcodeproj */ = {isa = PBXFileReference; lastKnownFileType = "wrapper.pb-project"; name = openFrameworksLib.xcodeproj; path = ../../../libs/openFrameworksCompiled/project/osx/openFrameworksLib.xcodeproj; sourceTree = SOURCE_ROOT; };
		E45BE9710E8CC7DD009D7055 /* AGL.framework */ = {isa = PBXFileReference; lastKnownFileType = wrapper.framework; name = AGL.framework; path = /System/Library/Frameworks/AGL.framework; sourceTree = "<absolute>"; };
		E45BE9720E8CC7DD009D7055 /* ApplicationServices.framework */ = {isa = PBXFileReference; lastKnownFileType = wrapper.framework; name = ApplicationServices.framework; path = /System/Library/Frameworks/ApplicationServices.framework; sourceTree = "<absolute>"; };
		E45BE9730E8CC7DD009D7055 /* AudioToolbox.framework */ = {isa = PBXFileReference; lastKnownFileType = wrapper.framework; name = AudioToolbox.framework; path = /System/Library/Frameworks/AudioToolbox.framework; sourceTree = "<absolute>"; };
		E45BE9740E8CC7DD009D7055 /* Carbon.framework */ = {isa = PBXFileReference; lastKnownFileType = wrapper.framework; name = Carbon.framework; path = /System/Library/Frameworks/Carbon.framework; sourceTree = "<absolute>"; };
		E45BE9750E8CC7DD009D7055 /* CoreAudio.framework */ = {isa = PBXFileReference; lastKnownFileType = wrapper.framework; name = CoreAudio.framework; path = /System/Library/Frameworks/CoreAudio.framework; sourceTree = "<absolute>"; };
		E45BE9760E8CC7DD009D7055 /* CoreFoundation.framework */ = {isa = PBXFileReference; lastKnownFileType = wrapper.framework; name = CoreFoundation.framework; path = /System/Library/Frameworks/CoreFoundation.framework; sourceTree = "<absolute>"; };
		E45BE9770E8CC7DD009D7055 /* CoreServices.framework */ = {isa = PBXFileReference; lastKnownFileType = wrapper.framework; name = CoreServices.framework; path = /System/Library/Frameworks/CoreServices.framework; sourceTree = "<absolute>"; };
		E45BE9790E8CC7DD009D7055 /* OpenGL.framework */ = {isa = PBXFileReference; lastKnownFileType = wrapper.framework; name = OpenGL.framework; path = /System/Library/Frameworks/OpenGL.framework; sourceTree = "<absolute>"; };
		E45BE97A0E8CC7DD009D7055 /* QuickTime.framework */ = {isa = PBXFileReference; lastKnownFileType = wrapper.framework; name = QuickTime.framework; path = /System/Library/Frameworks/QuickTime.framework; sourceTree = "<absolute>"; };
		E4B69B5B0A3A1756003C02F2 /* lightSequencerDebug.app */ = {isa = PBXFileReference; explicitFileType = wrapper.application; includeInIndex = 0; path = lightSequencerDebug.app; sourceTree = BUILT_PRODUCTS_DIR; };
		E4B69E1D0A3A1BDC003C02F2 /* main.cpp */ = {isa = PBXFileReference; fileEncoding = 30; lastKnownFileType = sourcecode.cpp.cpp; name = main.cpp; path = src/main.cpp; sourceTree = SOURCE_ROOT; };
		E4B69E1E0A3A1BDC003C02F2 /* testApp.cpp */ = {isa = PBXFileReference; explicitFileType = sourcecode.cpp.cpp; fileEncoding = 4; name = testApp.cpp; path = src/testApp.cpp; sourceTree = SOURCE_ROOT; };
		E4B69E1F0A3A1BDC003C02F2 /* testApp.h */ = {isa = PBXFileReference; fileEncoding = 30; lastKnownFileType = sourcecode.c.h; name = testApp.h; path = src/testApp.h; sourceTree = SOURCE_ROOT; };
		E4B6FCAD0C3E899E008CF71C /* openFrameworks-Info.plist */ = {isa = PBXFileReference; fileEncoding = 30; lastKnownFileType = text.plist.xml; path = "openFrameworks-Info.plist"; sourceTree = "<group>"; };
		E4C2424410CC5A17004149E2 /* AppKit.framework */ = {isa = PBXFileReference; lastKnownFileType = wrapper.framework; name = AppKit.framework; path = /System/Library/Frameworks/AppKit.framework; sourceTree = "<absolute>"; };
		E4C2424510CC5A17004149E2 /* Cocoa.framework */ = {isa = PBXFileReference; lastKnownFileType = wrapper.framework; name = Cocoa.framework; path = /System/Library/Frameworks/Cocoa.framework; sourceTree = "<absolute>"; };
		E4C2424610CC5A17004149E2 /* IOKit.framework */ = {isa = PBXFileReference; lastKnownFileType = wrapper.framework; name = IOKit.framework; path = /System/Library/Frameworks/IOKit.framework; sourceTree = "<absolute>"; };
		E4EB691F138AFCF100A09F29 /* CoreOF.xcconfig */ = {isa = PBXFileReference; fileEncoding = 4; lastKnownFileType = text.xcconfig; name = CoreOF.xcconfig; path = ../../../libs/openFrameworksCompiled/project/osx/CoreOF.xcconfig; sourceTree = SOURCE_ROOT; };
		E4EB6923138AFD0F00A09F29 /* Project.xcconfig */ = {isa = PBXFileReference; fileEncoding = 4; lastKnownFileType = text.xcconfig; path = Project.xcconfig; sourceTree = "<group>"; };
/* End PBXFileReference section */

/* Begin PBXFrameworksBuildPhase section */
		E4B69B590A3A1756003C02F2 /* Frameworks */ = {
			isa = PBXFrameworksBuildPhase;
			buildActionMask = 2147483647;
			files = (
				AED5C49414B601E4001A3B7B /* AudioUnit.framework in Frameworks */,
				AE34F88314AB50560091A81C /* CoreMIDI.framework in Frameworks */,
				E4EB6799138ADC1D00A09F29 /* GLUT.framework in Frameworks */,
				E4328149138ABC9F0047C5CB /* openFrameworksDebug.a in Frameworks */,
				E45BE97B0E8CC7DD009D7055 /* AGL.framework in Frameworks */,
				E45BE97C0E8CC7DD009D7055 /* ApplicationServices.framework in Frameworks */,
				E45BE97D0E8CC7DD009D7055 /* AudioToolbox.framework in Frameworks */,
				E45BE97E0E8CC7DD009D7055 /* Carbon.framework in Frameworks */,
				E45BE97F0E8CC7DD009D7055 /* CoreAudio.framework in Frameworks */,
				E45BE9800E8CC7DD009D7055 /* CoreFoundation.framework in Frameworks */,
				E45BE9810E8CC7DD009D7055 /* CoreServices.framework in Frameworks */,
				E45BE9830E8CC7DD009D7055 /* OpenGL.framework in Frameworks */,
				E45BE9840E8CC7DD009D7055 /* QuickTime.framework in Frameworks */,
				E4C2424710CC5A17004149E2 /* AppKit.framework in Frameworks */,
				E4C2424810CC5A17004149E2 /* Cocoa.framework in Frameworks */,
				E4C2424910CC5A17004149E2 /* IOKit.framework in Frameworks */,
			);
			runOnlyForDeploymentPostprocessing = 0;
		};
/* End PBXFrameworksBuildPhase section */

/* Begin PBXGroup section */
		22EAAA8E148BCB55005465CE /* midi */ = {
			isa = PBXGroup;
			children = (
				22EAAA8F148BCB70005465CE /* ofxMidi.h */,
				22EAAA90148BCB70005465CE /* ofxMidiConstants.h */,
				22EAAA91148BCB70005465CE /* ofxMidiEvents.h */,
				22EAAA92148BCB70005465CE /* ofxMidiIn.cpp */,
				22EAAA93148BCB70005465CE /* ofxMidiIn.h */,
				22EAAA94148BCB70005465CE /* ofxMidiOut.cpp */,
				22EAAA95148BCB70005465CE /* ofxMidiOut.h */,
				22EAAA96148BCB70005465CE /* RtMidi.cpp */,
				22EAAA97148BCB70005465CE /* RtMidi.h */,
				22EAAAA7148BCC30005465CE /* RtError.h */,
			);
			name = midi;
			sourceTree = "<group>";
		};
		AE05CBE715075A2B00E20663 /* ofxLaunchpad */ = {
			isa = PBXGroup;
			children = (
				AE05CBE915075A2B00E20663 /* ofxLaunchpad.cpp */,
				AE05CBEA15075A2B00E20663 /* ofxLaunchpad.h */,
				AE05CBEB15075A2B00E20663 /* ofxLaunchpadColor.cpp */,
				AE05CBEC15075A2B00E20663 /* ofxLaunchpadColor.h */,
				AE05CBED15075A2B00E20663 /* ofxLaunchpadListener.h */,
				AE05CBEE15075A2B00E20663 /* ofxLaunchpadToggle.cpp */,
				AE05CBEF15075A2B00E20663 /* ofxLaunchpadToggle.h */,
			);
			name = ofxLaunchpad;
			path = ../../../addons/ofxLaunchpad;
			sourceTree = "<group>";
		};
		AEC1A40C1535C85A00AF3FE8 /* ofxXmlSettings */ = {
			isa = PBXGroup;
			children = (
				AEC1A40D1535C85A00AF3FE8 /* install.xml */,
				AEC1A40E1535C85A00AF3FE8 /* libs */,
				AEC1A4131535C85A00AF3FE8 /* src */,
			);
			name = ofxXmlSettings;
			path = ../../../addons/ofxXmlSettings;
			sourceTree = "<group>";
		};
		AEC1A40E1535C85A00AF3FE8 /* libs */ = {
			isa = PBXGroup;
			children = (
				AEC1A40F1535C85A00AF3FE8 /* tinyxml.cpp */,
				AEC1A4101535C85A00AF3FE8 /* tinyxml.h */,
				AEC1A4111535C85A00AF3FE8 /* tinyxmlerror.cpp */,
				AEC1A4121535C85A00AF3FE8 /* tinyxmlparser.cpp */,
			);
			path = libs;
			sourceTree = "<group>";
		};
		AEC1A4131535C85A00AF3FE8 /* src */ = {
			isa = PBXGroup;
			children = (
				AEC1A4141535C85A00AF3FE8 /* ofxXmlSettings.cpp */,
				AEC1A4151535C85A00AF3FE8 /* ofxXmlSettings.h */,
			);
			path = src;
			sourceTree = "<group>";
		};
		AEC53D081534C5320002B208 /* ofxNetwork */ = {
			isa = PBXGroup;
			children = (
				AEC53D091534C5320002B208 /* docs */,
				AEC53D0B1534C5320002B208 /* install.xml */,
				AEC53D0C1534C5320002B208 /* src */,
			);
			name = ofxNetwork;
			path = ../../../addons/ofxNetwork;
			sourceTree = "<group>";
		};
		AEC53D091534C5320002B208 /* docs */ = {
			isa = PBXGroup;
			children = (
				AEC53D0A1534C5320002B208 /* Instructions.txt */,
			);
			path = docs;
			sourceTree = "<group>";
		};
		AEC53D0C1534C5320002B208 /* src */ = {
			isa = PBXGroup;
			children = (
				AEC53D0D1534C5320002B208 /* ofxNetwork.h */,
				AEC53D0E1534C5320002B208 /* ofxNetworkUtils.h */,
				AEC53D0F1534C5320002B208 /* ofxTCPClient.cpp */,
				AEC53D101534C5320002B208 /* ofxTCPClient.h */,
				AEC53D111534C5320002B208 /* ofxTCPManager.cpp */,
				AEC53D121534C5320002B208 /* ofxTCPManager.h */,
				AEC53D131534C5320002B208 /* ofxTCPServer.cpp */,
				AEC53D141534C5320002B208 /* ofxTCPServer.h */,
				AEC53D151534C5320002B208 /* ofxUDPManager.cpp */,
				AEC53D161534C5320002B208 /* ofxUDPManager.h */,
			);
			path = src;
			sourceTree = "<group>";
		};
		AED5C47814B5EE58001A3B7B /* qm_btrack */ = {
			isa = PBXGroup;
			children = (
				AED5C47914B5EE58001A3B7B /* BTrack_mod.cpp */,
				AED5C47A14B5EE58001A3B7B /* BTrack_mod.h */,
				AED5C47B14B5EE58001A3B7B /* chromagramm */,
				AED5C48014B5EE58001A3B7B /* fftw3.h */,
				AED5C48114B5EE58001A3B7B /* OnsetDetectionFunction.cpp */,
				AED5C48214B5EE58001A3B7B /* OnsetDetectionFunction.h */,
				AED5C48314B5EE58001A3B7B /* samplerate.h */,
			);
			path = qm_btrack;
			sourceTree = "<group>";
		};
		AED5C47B14B5EE58001A3B7B /* chromagramm */ = {
			isa = PBXGroup;
			children = (
				AED5C47C14B5EE58001A3B7B /* ChordDetect.cpp */,
				AED5C47D14B5EE58001A3B7B /* ChordDetect.h */,
				AED5C47E14B5EE58001A3B7B /* Chromagram.cpp */,
				AED5C47F14B5EE58001A3B7B /* Chromagram.h */,
			);
			path = chromagramm;
			sourceTree = "<group>";
		};
		AED5C48814B5FAE6001A3B7B /* ofxSoundStream */ = {
			isa = PBXGroup;
			children = (
				AED5C48914B5FAE6001A3B7B /* ofxAudioEvent.h */,
				AED5C48A14B5FAE6001A3B7B /* ofxSoundStream.cpp */,
				AED5C48B14B5FAE6001A3B7B /* ofxSoundStream.h */,
				AED5C48C14B5FAE6001A3B7B /* README */,
			);
			name = ofxSoundStream;
			path = ../../../addons/ofxSoundStream;
			sourceTree = "<group>";
		};
		AED5C48D14B5FAE6001A3B7B /* ofxPortaudioSoundStream */ = {
			isa = PBXGroup;
			children = (
				AED5C48E14B5FAE6001A3B7B /* ofxPortaudioSoundStream.cpp */,
				AED5C48F14B5FAE6001A3B7B /* ofxPortaudioSoundStream.h */,
			);
			name = ofxPortaudioSoundStream;
			path = ../../../addons/ofxPortaudioSoundStream;
			sourceTree = "<group>";
		};
		AEEB532A15516B45006D4C76 /* ofxUI */ = {
			isa = PBXGroup;
			children = (
				AEEB532B15516B67006D4C76 /* ofxUIWidget.h */,
				AEEB532C15516B67006D4C76 /* ofxUILabel.h */,
				AEEB532815516B22006D4C76 /* ofxUIWidgetWithLabel.h */,
				AEEB532915516B22006D4C76 /* ofxUIRotarySlider.h */,
			);
			name = ofxUI;
			sourceTree = "<group>";
		};
		BB4B014C10F69532006C3DED /* addons */ = {
			isa = PBXGroup;
			children = (
				AEC1A40C1535C85A00AF3FE8 /* ofxXmlSettings */,
				AEC53D081534C5320002B208 /* ofxNetwork */,
				AE05CBE715075A2B00E20663 /* ofxLaunchpad */,
				AED5C48814B5FAE6001A3B7B /* ofxSoundStream */,
				AED5C48D14B5FAE6001A3B7B /* ofxPortaudioSoundStream */,
			);
			name = addons;
			sourceTree = "<group>";
		};
		BBAB23C913894ECA00AA2426 /* system frameworks */ = {
			isa = PBXGroup;
			children = (
				AED5C49314B601E4001A3B7B /* AudioUnit.framework */,
				AE34F88214AB50560091A81C /* CoreMIDI.framework */,
				E4C2424410CC5A17004149E2 /* AppKit.framework */,
				E4C2424510CC5A17004149E2 /* Cocoa.framework */,
				E4C2424610CC5A17004149E2 /* IOKit.framework */,
				E45BE9710E8CC7DD009D7055 /* AGL.framework */,
				E45BE9720E8CC7DD009D7055 /* ApplicationServices.framework */,
				E45BE9730E8CC7DD009D7055 /* AudioToolbox.framework */,
				E45BE9740E8CC7DD009D7055 /* Carbon.framework */,
				E45BE9750E8CC7DD009D7055 /* CoreAudio.framework */,
				E45BE9760E8CC7DD009D7055 /* CoreFoundation.framework */,
				E45BE9770E8CC7DD009D7055 /* CoreServices.framework */,
				E45BE9790E8CC7DD009D7055 /* OpenGL.framework */,
				E45BE97A0E8CC7DD009D7055 /* QuickTime.framework */,
			);
			name = "system frameworks";
			sourceTree = "<group>";
		};
		BBAB23CA13894EDB00AA2426 /* 3rd party frameworks */ = {
			isa = PBXGroup;
			children = (
				BBAB23BE13894E4700AA2426 /* GLUT.framework */,
			);
			name = "3rd party frameworks";
			sourceTree = "<group>";
		};
		E4328144138ABC890047C5CB /* Products */ = {
			isa = PBXGroup;
			children = (
				E4328148138ABC890047C5CB /* openFrameworksDebug.a */,
			);
			name = Products;
			sourceTree = "<group>";
		};
		E45BE5980E8CC70C009D7055 /* frameworks */ = {
			isa = PBXGroup;
			children = (
				BBAB23CA13894EDB00AA2426 /* 3rd party frameworks */,
				BBAB23C913894ECA00AA2426 /* system frameworks */,
			);
			name = frameworks;
			sourceTree = "<group>";
		};
		E4B69B4A0A3A1720003C02F2 = {
			isa = PBXGroup;
			children = (
				E4B6FCAD0C3E899E008CF71C /* openFrameworks-Info.plist */,
				E4EB6923138AFD0F00A09F29 /* Project.xcconfig */,
				AED5C47814B5EE58001A3B7B /* qm_btrack */,
				E4B69E1C0A3A1BDC003C02F2 /* src */,
				E4EEC9E9138DF44700A80321 /* openFrameworks */,
				BB4B014C10F69532006C3DED /* addons */,
				E45BE5980E8CC70C009D7055 /* frameworks */,
				E4B69B5B0A3A1756003C02F2 /* lightSequencerDebug.app */,
			);
			sourceTree = "<group>";
		};
		E4B69E1C0A3A1BDC003C02F2 /* src */ = {
			isa = PBXGroup;
			children = (
				E4B69E1D0A3A1BDC003C02F2 /* main.cpp */,
				E4B69E1F0A3A1BDC003C02F2 /* testApp.h */,
				E4B69E1E0A3A1BDC003C02F2 /* testApp.cpp */,
				AE3DED3C1534B47E003B9D59 /* tcpControl.h */,
				AE3DED3A1534B472003B9D59 /* tcpControl.cpp */,
				AE18FFBE14BEEFF900DA2D47 /* bpmControl.h */,
				AE18FFBF14BEF61900DA2D47 /* bpmControl.cpp */,
				AED5C47214B5EE50001A3B7B /* LiveAudioAnalysis.h */,
				AED5C47314B5EE50001A3B7B /* LiveAudioAnalysis.cpp */,
				AED5C47414B5EE50001A3B7B /* AubioOnsetDetector.h */,
				AED5C47514B5EE50001A3B7B /* AubioOnsetDetector.cpp */,
				22EAAAAB148BCC7A005465CE /* bitmapMixer.cpp */,
				22EAAAAC148BCC7A005465CE /* bitmapMixer.h */,
				AE5E41C51528824B00CDC490 /* Generator.h */,
				AE5E41C3152881FC00CDC490 /* Generator.cpp */,
				AEF9F20615404FB100D63DC0 /* FX.h */,
				AEF9F20715404FD200D63DC0 /* FX.cpp */,
				22EAAAAF148BCC7A005465CE /* LED.cpp */,
				22EAAAB0148BCC7A005465CE /* LED.h */,
				22EAAAB1148BCC7A005465CE /* LEDS.cpp */,
				22EAAAB2148BCC7A005465CE /* LEDS.h */,
				22EAAAB4148BCC7A005465CE /* ledSequencer.h */,
				22EAAAB3148BCC7A005465CE /* ledSequencer.cpp */,
				AE05CBF515076C2C00E20663 /* ledPresets.h */,
				AE05CBF315076C1600E20663 /* ledPresets.cpp */,
				22EAAA9C148BCC1E005465CE /* ofxButton.h */,
				22EAAA9B148BCC1E005465CE /* ofxButton.cpp */,
				221E2AC4148C23BD00F12B8E /* colorPicker.h */,
				221E2AC3148C23BD00F12B8E /* colorPicker.cpp */,
				22EAAAA2148BCC1E005465CE /* ofxSlider.h */,
				22EAAAA1148BCC1E005465CE /* ofxSlider.cpp */,
				22EAAAAD148BCC7A005465CE /* fft.cpp */,
				22EAAAAE148BCC7A005465CE /* fft.h */,
				AEEB532A15516B45006D4C76 /* ofxUI */,
				22EAAA8E148BCB55005465CE /* midi */,
			);
			path = src;
			sourceTree = SOURCE_ROOT;
		};
		E4EEC9E9138DF44700A80321 /* openFrameworks */ = {
			isa = PBXGroup;
			children = (
				E4EB691F138AFCF100A09F29 /* CoreOF.xcconfig */,
				E4328143138ABC890047C5CB /* openFrameworksLib.xcodeproj */,
			);
			name = openFrameworks;
			sourceTree = "<group>";
		};
/* End PBXGroup section */

/* Begin PBXNativeTarget section */
		E4B69B5A0A3A1756003C02F2 /* lightSequencer */ = {
			isa = PBXNativeTarget;
			buildConfigurationList = E4B69B5F0A3A1757003C02F2 /* Build configuration list for PBXNativeTarget "lightSequencer" */;
			buildPhases = (
				E4B69B580A3A1756003C02F2 /* Sources */,
				E4B69B590A3A1756003C02F2 /* Frameworks */,
				E4B6FFFD0C3F9AB9008CF71C /* ShellScript */,
				E4C2427710CC5ABF004149E2 /* CopyFiles */,
			);
			buildRules = (
			);
			dependencies = (
				E4EEB9AC138B136A00A80321 /* PBXTargetDependency */,
			);
			name = lightSequencer;
			productName = myOFApp;
			productReference = E4B69B5B0A3A1756003C02F2 /* lightSequencerDebug.app */;
			productType = "com.apple.product-type.application";
		};
/* End PBXNativeTarget section */

/* Begin PBXProject section */
		E4B69B4C0A3A1720003C02F2 /* Project object */ = {
			isa = PBXProject;
			attributes = {
				LastUpgradeCheck = 0410;
			};
			buildConfigurationList = E4B69B4D0A3A1720003C02F2 /* Build configuration list for PBXProject "lightSequencer" */;
			compatibilityVersion = "Xcode 3.2";
			developmentRegion = English;
			hasScannedForEncodings = 0;
			knownRegions = (
				English,
				Japanese,
				French,
				German,
			);
			mainGroup = E4B69B4A0A3A1720003C02F2;
			productRefGroup = E4B69B4A0A3A1720003C02F2;
			projectDirPath = "";
			projectReferences = (
				{
					ProductGroup = E4328144138ABC890047C5CB /* Products */;
					ProjectRef = E4328143138ABC890047C5CB /* openFrameworksLib.xcodeproj */;
				},
			);
			projectRoot = "";
			targets = (
				E4B69B5A0A3A1756003C02F2 /* lightSequencer */,
			);
		};
/* End PBXProject section */

/* Begin PBXReferenceProxy section */
		E4328148138ABC890047C5CB /* openFrameworksDebug.a */ = {
			isa = PBXReferenceProxy;
			fileType = archive.ar;
			path = openFrameworksDebug.a;
			remoteRef = E4328147138ABC890047C5CB /* PBXContainerItemProxy */;
			sourceTree = BUILT_PRODUCTS_DIR;
		};
/* End PBXReferenceProxy section */

/* Begin PBXShellScriptBuildPhase section */
		E4B6FFFD0C3F9AB9008CF71C /* ShellScript */ = {
			isa = PBXShellScriptBuildPhase;
			buildActionMask = 2147483647;
			files = (
			);
			inputPaths = (
			);
			outputPaths = (
			);
			runOnlyForDeploymentPostprocessing = 0;
			shellPath = /bin/sh;
			shellScript = "cp -f ../../../libs/fmodex/lib/osx/libfmodex.dylib \"$TARGET_BUILD_DIR/$PRODUCT_NAME.app/Contents/MacOS/libfmodex.dylib\"; install_name_tool -change ./libfmodex.dylib @executable_path/libfmodex.dylib \"$TARGET_BUILD_DIR/$PRODUCT_NAME.app/Contents/MacOS/$PRODUCT_NAME\";";
		};
/* End PBXShellScriptBuildPhase section */

/* Begin PBXSourcesBuildPhase section */
		E4B69B580A3A1756003C02F2 /* Sources */ = {
			isa = PBXSourcesBuildPhase;
			buildActionMask = 2147483647;
			files = (
				E4B69E200A3A1BDC003C02F2 /* main.cpp in Sources */,
				E4B69E210A3A1BDC003C02F2 /* testApp.cpp in Sources */,
				22EAAA98148BCB70005465CE /* ofxMidiIn.cpp in Sources */,
				22EAAA99148BCB70005465CE /* ofxMidiOut.cpp in Sources */,
				22EAAA9A148BCB70005465CE /* RtMidi.cpp in Sources */,
				22EAAAA3148BCC1E005465CE /* ofxButton.cpp in Sources */,
				22EAAAA6148BCC1E005465CE /* ofxSlider.cpp in Sources */,
				22EAAAB5148BCC7A005465CE /* bitmapMixer.cpp in Sources */,
				22EAAAB6148BCC7A005465CE /* fft.cpp in Sources */,
				22EAAAB7148BCC7A005465CE /* LED.cpp in Sources */,
				22EAAAB8148BCC7A005465CE /* LEDS.cpp in Sources */,
				22EAAAB9148BCC7A005465CE /* ledSequencer.cpp in Sources */,
				221E2AC5148C23BD00F12B8E /* colorPicker.cpp in Sources */,
				AED5C47614B5EE50001A3B7B /* LiveAudioAnalysis.cpp in Sources */,
				AED5C47714B5EE50001A3B7B /* AubioOnsetDetector.cpp in Sources */,
				AED5C48414B5EE58001A3B7B /* BTrack_mod.cpp in Sources */,
				AED5C48514B5EE58001A3B7B /* ChordDetect.cpp in Sources */,
				AED5C48614B5EE58001A3B7B /* Chromagram.cpp in Sources */,
				AED5C48714B5EE58001A3B7B /* OnsetDetectionFunction.cpp in Sources */,
				AED5C49014B5FAE6001A3B7B /* ofxSoundStream.cpp in Sources */,
				AED5C49114B5FAE6001A3B7B /* ofxPortaudioSoundStream.cpp in Sources */,
				AE18FFC014BEF61A00DA2D47 /* bpmControl.cpp in Sources */,
				AE05CBF015075A2B00E20663 /* ofxLaunchpad.cpp in Sources */,
				AE05CBF115075A2B00E20663 /* ofxLaunchpadColor.cpp in Sources */,
				AE05CBF215075A2B00E20663 /* ofxLaunchpadToggle.cpp in Sources */,
				AE05CBF415076C1600E20663 /* ledPresets.cpp in Sources */,
				AE5E41C4152881FC00CDC490 /* Generator.cpp in Sources */,
				AE3DED3B1534B472003B9D59 /* tcpControl.cpp in Sources */,
				AEC53D171534C5320002B208 /* ofxTCPClient.cpp in Sources */,
				AEC53D181534C5320002B208 /* ofxTCPManager.cpp in Sources */,
				AEC53D191534C5320002B208 /* ofxTCPServer.cpp in Sources */,
				AEC53D1A1534C5320002B208 /* ofxUDPManager.cpp in Sources */,
				AEC1A4161535C85A00AF3FE8 /* tinyxml.cpp in Sources */,
				AEC1A4171535C85A00AF3FE8 /* tinyxmlerror.cpp in Sources */,
				AEC1A4181535C85A00AF3FE8 /* tinyxmlparser.cpp in Sources */,
				AEC1A4191535C85A00AF3FE8 /* ofxXmlSettings.cpp in Sources */,
				AEF9F20815404FD200D63DC0 /* FX.cpp in Sources */,
			);
			runOnlyForDeploymentPostprocessing = 0;
		};
/* End PBXSourcesBuildPhase section */

/* Begin PBXTargetDependency section */
		E4EEB9AC138B136A00A80321 /* PBXTargetDependency */ = {
			isa = PBXTargetDependency;
			name = openFrameworks;
			targetProxy = E4EEB9AB138B136A00A80321 /* PBXContainerItemProxy */;
		};
/* End PBXTargetDependency section */

/* Begin XCBuildConfiguration section */
		E4B69B4E0A3A1720003C02F2 /* Debug */ = {
			isa = XCBuildConfiguration;
			baseConfigurationReference = E4EB6923138AFD0F00A09F29 /* Project.xcconfig */;
			buildSettings = {
				ARCHS = "$(ARCHS_STANDARD_32_BIT)";
				CONFIGURATION_BUILD_DIR = "$(SRCROOT)/bin/";
				COPY_PHASE_STRIP = NO;
				DEAD_CODE_STRIPPING = YES;
				GCC_AUTO_VECTORIZATION = YES;
				GCC_ENABLE_SSE3_EXTENSIONS = YES;
				GCC_ENABLE_SUPPLEMENTAL_SSE3_INSTRUCTIONS = YES;
				GCC_INLINES_ARE_PRIVATE_EXTERN = NO;
				GCC_MODEL_TUNING = G5;
				GCC_SYMBOLS_PRIVATE_EXTERN = NO;
				GCC_WARN_ABOUT_DEPRECATED_FUNCTIONS = NO;
				GCC_WARN_ABOUT_INVALID_OFFSETOF_MACRO = NO;
				GCC_WARN_ALLOW_INCOMPLETE_PROTOCOL = NO;
				GCC_WARN_UNINITIALIZED_AUTOS = NO;
				GCC_WARN_UNUSED_VALUE = NO;
				GCC_WARN_UNUSED_VARIABLE = NO;
				HEADER_SEARCH_PATHS = (
					"../../../libs/FreeImage/**",
					"$(OF_CORE_HEADERS)",
				);
				ONLY_ACTIVE_ARCH = NO;
				OTHER_CPLUSPLUSFLAGS = (
					"-D__MACOSX_CORE__",
					"-lpthread",
				);
			};
			name = Debug;
		};
		E4B69B4F0A3A1720003C02F2 /* Release */ = {
			isa = XCBuildConfiguration;
			baseConfigurationReference = E4EB6923138AFD0F00A09F29 /* Project.xcconfig */;
			buildSettings = {
				ARCHS = "$(ARCHS_STANDARD_32_BIT)";
				CONFIGURATION_BUILD_DIR = "$(SRCROOT)/bin/";
				COPY_PHASE_STRIP = YES;
				DEAD_CODE_STRIPPING = YES;
				GCC_AUTO_VECTORIZATION = YES;
				GCC_ENABLE_SSE3_EXTENSIONS = YES;
				GCC_ENABLE_SUPPLEMENTAL_SSE3_INSTRUCTIONS = YES;
				GCC_INLINES_ARE_PRIVATE_EXTERN = NO;
				GCC_MODEL_TUNING = G5;
				GCC_OPTIMIZATION_LEVEL = 3;
				GCC_SYMBOLS_PRIVATE_EXTERN = NO;
				GCC_UNROLL_LOOPS = YES;
				GCC_WARN_ABOUT_DEPRECATED_FUNCTIONS = NO;
				GCC_WARN_ABOUT_INVALID_OFFSETOF_MACRO = NO;
				GCC_WARN_ALLOW_INCOMPLETE_PROTOCOL = NO;
				GCC_WARN_UNINITIALIZED_AUTOS = NO;
				GCC_WARN_UNUSED_VALUE = NO;
				GCC_WARN_UNUSED_VARIABLE = NO;
				ONLY_ACTIVE_ARCH = NO;
				OTHER_CPLUSPLUSFLAGS = (
					"-D__MACOSX_CORE__",
					"-lpthread",
				);
			};
			name = Release;
		};
		E4B69B600A3A1757003C02F2 /* Debug */ = {
			isa = XCBuildConfiguration;
			buildSettings = {
				COPY_PHASE_STRIP = NO;
				FRAMEWORK_SEARCH_PATHS = (
					"$(inherited)",
					"$(FRAMEWORK_SEARCH_PATHS_QUOTED_FOR_TARGET_1)",
				);
				FRAMEWORK_SEARCH_PATHS_QUOTED_FOR_TARGET_1 = "\"$(SRCROOT)/../../../libs/glut/lib/osx\"";
				GCC_DYNAMIC_NO_PIC = NO;
				GCC_GENERATE_DEBUGGING_SYMBOLS = YES;
				GCC_MODEL_TUNING = G4;
				GCC_PRECOMPILE_PREFIX_HEADER = YES;
				GCC_PREFIX_HEADER = "$(SYSTEM_LIBRARY_DIR)/Frameworks/Carbon.framework/Headers/Carbon.h";
				HEADER_SEARCH_PATHS = (
					../../../libs/,
					"../../../libs/aubioLibrary/**",
					"../../../libs/FreeImage/**",
					"$(OF_CORE_HEADERS)",
				);
				INFOPLIST_FILE = "openFrameworks-Info.plist";
				INSTALL_PATH = "$(HOME)/Applications";
				LIBRARY_SEARCH_PATHS = (
					"$(inherited)",
					"$(LIBRARY_SEARCH_PATHS_QUOTED_FOR_TARGET_1)",
					"$(LIBRARY_SEARCH_PATHS_QUOTED_FOR_TARGET_2)",
					"$(LIBRARY_SEARCH_PATHS_QUOTED_FOR_TARGET_3)",
					"$(LIBRARY_SEARCH_PATHS_QUOTED_FOR_TARGET_4)",
					"$(LIBRARY_SEARCH_PATHS_QUOTED_FOR_TARGET_5)",
					"$(LIBRARY_SEARCH_PATHS_QUOTED_FOR_TARGET_6)",
					"$(LIBRARY_SEARCH_PATHS_QUOTED_FOR_TARGET_7)",
					"$(LIBRARY_SEARCH_PATHS_QUOTED_FOR_TARGET_8)",
					"$(LIBRARY_SEARCH_PATHS_QUOTED_FOR_TARGET_9)",
					"$(LIBRARY_SEARCH_PATHS_QUOTED_FOR_TARGET_10)",
					"$(LIBRARY_SEARCH_PATHS_QUOTED_FOR_TARGET_11)",
					"$(LIBRARY_SEARCH_PATHS_QUOTED_FOR_TARGET_12)",
					"$(LIBRARY_SEARCH_PATHS_QUOTED_FOR_TARGET_13)",
					"$(LIBRARY_SEARCH_PATHS_QUOTED_FOR_TARGET_14)",
					"$(LIBRARY_SEARCH_PATHS_QUOTED_FOR_TARGET_15)",
					"$(LIBRARY_SEARCH_PATHS_QUOTED_FOR_TARGET_2)",
					"$(LIBRARY_SEARCH_PATHS_QUOTED_FOR_TARGET_3)",
					"$(LIBRARY_SEARCH_PATHS_QUOTED_FOR_TARGET_7)",
					"$(LIBRARY_SEARCH_PATHS_QUOTED_FOR_TARGET_8)",
					"$(LIBRARY_SEARCH_PATHS_QUOTED_FOR_TARGET_9)",
					"$(LIBRARY_SEARCH_PATHS_QUOTED_FOR_TARGET_10)",
					"$(LIBRARY_SEARCH_PATHS_QUOTED_FOR_TARGET_11)",
					"$(LIBRARY_SEARCH_PATHS_QUOTED_FOR_TARGET_12)",
					"$(LIBRARY_SEARCH_PATHS_QUOTED_FOR_TARGET_13)",
					"$(LIBRARY_SEARCH_PATHS_QUOTED_FOR_TARGET_16)",
					"$(LIBRARY_SEARCH_PATHS_QUOTED_FOR_TARGET_17)",
					"$(LIBRARY_SEARCH_PATHS_QUOTED_FOR_TARGET_18)",
					"$(LIBRARY_SEARCH_PATHS_QUOTED_FOR_TARGET_19)",
					"$(LIBRARY_SEARCH_PATHS_QUOTED_FOR_TARGET_20)",
					"$(LIBRARY_SEARCH_PATHS_QUOTED_FOR_TARGET_21)",
					"$(LIBRARY_SEARCH_PATHS_QUOTED_FOR_TARGET_22)",
					"$(LIBRARY_SEARCH_PATHS_QUOTED_FOR_TARGET_23)",
					"$(LIBRARY_SEARCH_PATHS_QUOTED_FOR_TARGET_24)",
					"$(LIBRARY_SEARCH_PATHS_QUOTED_FOR_TARGET_25)",
					"$(LIBRARY_SEARCH_PATHS_QUOTED_FOR_TARGET_26)",
					"$(LIBRARY_SEARCH_PATHS_QUOTED_FOR_TARGET_27)",
					"$(LIBRARY_SEARCH_PATHS_QUOTED_FOR_TARGET_28)",
					"$(LIBRARY_SEARCH_PATHS_QUOTED_FOR_TARGET_29)",
					"$(LIBRARY_SEARCH_PATHS_QUOTED_FOR_TARGET_30)",
					"$(LIBRARY_SEARCH_PATHS_QUOTED_FOR_TARGET_31)",
					"$(LIBRARY_SEARCH_PATHS_QUOTED_FOR_TARGET_32)",
					"$(LIBRARY_SEARCH_PATHS_QUOTED_FOR_TARGET_33)",
					"$(LIBRARY_SEARCH_PATHS_QUOTED_FOR_TARGET_34)",
					"$(LIBRARY_SEARCH_PATHS_QUOTED_FOR_TARGET_35)",
					"$(LIBRARY_SEARCH_PATHS_QUOTED_FOR_TARGET_36)",
					"$(LIBRARY_SEARCH_PATHS_QUOTED_FOR_TARGET_37)",
					"$(LIBRARY_SEARCH_PATHS_QUOTED_FOR_TARGET_38)",
					"$(LIBRARY_SEARCH_PATHS_QUOTED_FOR_TARGET_39)",
					"$(LIBRARY_SEARCH_PATHS_QUOTED_FOR_TARGET_40)",
					"$(LIBRARY_SEARCH_PATHS_QUOTED_FOR_TARGET_41)",
					"$(LIBRARY_SEARCH_PATHS_QUOTED_FOR_TARGET_42)",
					"$(LIBRARY_SEARCH_PATHS_QUOTED_FOR_TARGET_43)",
					"$(LIBRARY_SEARCH_PATHS_QUOTED_FOR_TARGET_44)",
					"$(LIBRARY_SEARCH_PATHS_QUOTED_FOR_TARGET_45)",
					"$(LIBRARY_SEARCH_PATHS_QUOTED_FOR_TARGET_46)",
					"$(LIBRARY_SEARCH_PATHS_QUOTED_FOR_TARGET_47)",
					"$(LIBRARY_SEARCH_PATHS_QUOTED_FOR_TARGET_48)",
					"$(LIBRARY_SEARCH_PATHS_QUOTED_FOR_TARGET_49)",
					"$(LIBRARY_SEARCH_PATHS_QUOTED_FOR_TARGET_50)",
					"$(LIBRARY_SEARCH_PATHS_QUOTED_FOR_TARGET_51)",
					"$(LIBRARY_SEARCH_PATHS_QUOTED_FOR_TARGET_52)",
				);
				PRODUCT_NAME = "$(TARGET_NAME)Debug";
				WRAPPER_EXTENSION = app;
			};
			name = Debug;
		};
		E4B69B610A3A1757003C02F2 /* Release */ = {
			isa = XCBuildConfiguration;
			buildSettings = {
				COPY_PHASE_STRIP = YES;
				FRAMEWORK_SEARCH_PATHS = (
					"$(inherited)",
					"$(FRAMEWORK_SEARCH_PATHS_QUOTED_FOR_TARGET_1)",
				);
				FRAMEWORK_SEARCH_PATHS_QUOTED_FOR_TARGET_1 = "\"$(SRCROOT)/../../../libs/glut/lib/osx\"";
				GCC_GENERATE_DEBUGGING_SYMBOLS = NO;
				GCC_MODEL_TUNING = G4;
				GCC_PRECOMPILE_PREFIX_HEADER = YES;
				GCC_PREFIX_HEADER = "$(SYSTEM_LIBRARY_DIR)/Frameworks/Carbon.framework/Headers/Carbon.h";
				HEADER_SEARCH_PATHS = (
					../../../libs/aubioLibrary,
					"$(OF_CORE_HEADERS)",
				);
				INFOPLIST_FILE = "openFrameworks-Info.plist";
				INSTALL_PATH = "$(HOME)/Applications";
				LIBRARY_SEARCH_PATHS = (
					"$(inherited)",
					"$(LIBRARY_SEARCH_PATHS_QUOTED_FOR_TARGET_1)",
					"$(LIBRARY_SEARCH_PATHS_QUOTED_FOR_TARGET_2)",
					"$(LIBRARY_SEARCH_PATHS_QUOTED_FOR_TARGET_3)",
					"$(LIBRARY_SEARCH_PATHS_QUOTED_FOR_TARGET_4)",
					"$(LIBRARY_SEARCH_PATHS_QUOTED_FOR_TARGET_5)",
					"$(LIBRARY_SEARCH_PATHS_QUOTED_FOR_TARGET_6)",
					"$(LIBRARY_SEARCH_PATHS_QUOTED_FOR_TARGET_7)",
					"$(LIBRARY_SEARCH_PATHS_QUOTED_FOR_TARGET_8)",
					"$(LIBRARY_SEARCH_PATHS_QUOTED_FOR_TARGET_9)",
					"$(LIBRARY_SEARCH_PATHS_QUOTED_FOR_TARGET_10)",
					"$(LIBRARY_SEARCH_PATHS_QUOTED_FOR_TARGET_11)",
					"$(LIBRARY_SEARCH_PATHS_QUOTED_FOR_TARGET_12)",
					"$(LIBRARY_SEARCH_PATHS_QUOTED_FOR_TARGET_13)",
					"$(LIBRARY_SEARCH_PATHS_QUOTED_FOR_TARGET_14)",
					"$(LIBRARY_SEARCH_PATHS_QUOTED_FOR_TARGET_15)",
					"$(LIBRARY_SEARCH_PATHS_QUOTED_FOR_TARGET_2)",
					"$(LIBRARY_SEARCH_PATHS_QUOTED_1)",
					"$(LIBRARY_SEARCH_PATHS_QUOTED_FOR_TARGET_3)",
					"$(LIBRARY_SEARCH_PATHS_QUOTED_FOR_TARGET_7)",
					"$(LIBRARY_SEARCH_PATHS_QUOTED_FOR_TARGET_8)",
					"$(LIBRARY_SEARCH_PATHS_QUOTED_FOR_TARGET_9)",
					"$(LIBRARY_SEARCH_PATHS_QUOTED_FOR_TARGET_10)",
					"$(LIBRARY_SEARCH_PATHS_QUOTED_FOR_TARGET_11)",
					"$(LIBRARY_SEARCH_PATHS_QUOTED_FOR_TARGET_12)",
					"$(LIBRARY_SEARCH_PATHS_QUOTED_FOR_TARGET_13)",
					"$(LIBRARY_SEARCH_PATHS_QUOTED_FOR_TARGET_16)",
					"$(LIBRARY_SEARCH_PATHS_QUOTED_FOR_TARGET_17)",
					"$(LIBRARY_SEARCH_PATHS_QUOTED_FOR_TARGET_18)",
					"$(LIBRARY_SEARCH_PATHS_QUOTED_FOR_TARGET_19)",
					"$(LIBRARY_SEARCH_PATHS_QUOTED_FOR_TARGET_20)",
					"$(LIBRARY_SEARCH_PATHS_QUOTED_FOR_TARGET_21)",
					"$(LIBRARY_SEARCH_PATHS_QUOTED_FOR_TARGET_22)",
					"$(LIBRARY_SEARCH_PATHS_QUOTED_FOR_TARGET_23)",
					"$(LIBRARY_SEARCH_PATHS_QUOTED_FOR_TARGET_24)",
					"$(LIBRARY_SEARCH_PATHS_QUOTED_FOR_TARGET_25)",
					"$(LIBRARY_SEARCH_PATHS_QUOTED_FOR_TARGET_26)",
					"$(LIBRARY_SEARCH_PATHS_QUOTED_FOR_TARGET_27)",
					"$(LIBRARY_SEARCH_PATHS_QUOTED_FOR_TARGET_28)",
					"$(LIBRARY_SEARCH_PATHS_QUOTED_FOR_TARGET_29)",
					"$(LIBRARY_SEARCH_PATHS_QUOTED_FOR_TARGET_30)",
					"$(LIBRARY_SEARCH_PATHS_QUOTED_FOR_TARGET_31)",
					"$(LIBRARY_SEARCH_PATHS_QUOTED_FOR_TARGET_32)",
					"$(LIBRARY_SEARCH_PATHS_QUOTED_FOR_TARGET_33)",
					"$(LIBRARY_SEARCH_PATHS_QUOTED_FOR_TARGET_34)",
					"$(LIBRARY_SEARCH_PATHS_QUOTED_FOR_TARGET_35)",
					"$(LIBRARY_SEARCH_PATHS_QUOTED_FOR_TARGET_36)",
					"$(LIBRARY_SEARCH_PATHS_QUOTED_FOR_TARGET_37)",
					"$(LIBRARY_SEARCH_PATHS_QUOTED_FOR_TARGET_38)",
					"$(LIBRARY_SEARCH_PATHS_QUOTED_FOR_TARGET_39)",
					"$(LIBRARY_SEARCH_PATHS_QUOTED_FOR_TARGET_40)",
					"$(LIBRARY_SEARCH_PATHS_QUOTED_FOR_TARGET_41)",
					"$(LIBRARY_SEARCH_PATHS_QUOTED_FOR_TARGET_42)",
					"$(LIBRARY_SEARCH_PATHS_QUOTED_FOR_TARGET_43)",
					"$(LIBRARY_SEARCH_PATHS_QUOTED_FOR_TARGET_44)",
					"$(LIBRARY_SEARCH_PATHS_QUOTED_FOR_TARGET_45)",
					"$(LIBRARY_SEARCH_PATHS_QUOTED_FOR_TARGET_46)",
					"$(LIBRARY_SEARCH_PATHS_QUOTED_FOR_TARGET_47)",
					"$(LIBRARY_SEARCH_PATHS_QUOTED_FOR_TARGET_48)",
					"$(LIBRARY_SEARCH_PATHS_QUOTED_FOR_TARGET_49)",
					"$(LIBRARY_SEARCH_PATHS_QUOTED_FOR_TARGET_50)",
					"$(LIBRARY_SEARCH_PATHS_QUOTED_FOR_TARGET_51)",
				);
				PRODUCT_NAME = "$(TARGET_NAME)";
				WRAPPER_EXTENSION = app;
			};
			name = Release;
		};
/* End XCBuildConfiguration section */

/* Begin XCConfigurationList section */
		E4B69B4D0A3A1720003C02F2 /* Build configuration list for PBXProject "lightSequencer" */ = {
			isa = XCConfigurationList;
			buildConfigurations = (
				E4B69B4E0A3A1720003C02F2 /* Debug */,
				E4B69B4F0A3A1720003C02F2 /* Release */,
			);
			defaultConfigurationIsVisible = 0;
			defaultConfigurationName = Release;
		};
		E4B69B5F0A3A1757003C02F2 /* Build configuration list for PBXNativeTarget "lightSequencer" */ = {
			isa = XCConfigurationList;
			buildConfigurations = (
				E4B69B600A3A1757003C02F2 /* Debug */,
				E4B69B610A3A1757003C02F2 /* Release */,
			);
			defaultConfigurationIsVisible = 0;
			defaultConfigurationName = Release;
		};
/* End XCConfigurationList section */
	};
	rootObject = E4B69B4C0A3A1720003C02F2 /* Project object */;
}
